// !$*UTF8*$!
{
	archiveVersion = 1;
	classes = {
	};
	objectVersion = 52;
	objects = {

/* Begin PBXBuildFile section */
		115AB60625EAB352004A97B9 /* Tests_iOS.swift in Sources */ = {isa = PBXBuildFile; fileRef = 115AB60525EAB352004A97B9 /* Tests_iOS.swift */; };
		115AB61125EAB352004A97B9 /* Tests_macOS.swift in Sources */ = {isa = PBXBuildFile; fileRef = 115AB61025EAB352004A97B9 /* Tests_macOS.swift */; };
		115AB61325EAB352004A97B9 /* sleepTrackerHackathonApp.swift in Sources */ = {isa = PBXBuildFile; fileRef = 115AB5EA25EAB351004A97B9 /* sleepTrackerHackathonApp.swift */; };
		115AB61425EAB352004A97B9 /* sleepTrackerHackathonApp.swift in Sources */ = {isa = PBXBuildFile; fileRef = 115AB5EA25EAB351004A97B9 /* sleepTrackerHackathonApp.swift */; };
		115AB61525EAB352004A97B9 /* ContentView.swift in Sources */ = {isa = PBXBuildFile; fileRef = 115AB5EB25EAB351004A97B9 /* ContentView.swift */; };
		115AB61625EAB352004A97B9 /* ContentView.swift in Sources */ = {isa = PBXBuildFile; fileRef = 115AB5EB25EAB351004A97B9 /* ContentView.swift */; };
		115AB61725EAB352004A97B9 /* Assets.xcassets in Resources */ = {isa = PBXBuildFile; fileRef = 115AB5EC25EAB352004A97B9 /* Assets.xcassets */; };
		115AB61825EAB352004A97B9 /* Assets.xcassets in Resources */ = {isa = PBXBuildFile; fileRef = 115AB5EC25EAB352004A97B9 /* Assets.xcassets */; };
		115AB64225EAC169004A97B9 /* LogSleepView.swift in Sources */ = {isa = PBXBuildFile; fileRef = 115AB64125EAC169004A97B9 /* LogSleepView.swift */; };
		115AB64325EAC169004A97B9 /* LogSleepView.swift in Sources */ = {isa = PBXBuildFile; fileRef = 115AB64125EAC169004A97B9 /* LogSleepView.swift */; };
		115AB66E25EAC9EC004A97B9 /* SwiftUICharts in Frameworks */ = {isa = PBXBuildFile; productRef = 115AB66D25EAC9EC004A97B9 /* SwiftUICharts */; };
/* End PBXBuildFile section */

/* Begin PBXContainerItemProxy section */
		115AB60225EAB352004A97B9 /* PBXContainerItemProxy */ = {
			isa = PBXContainerItemProxy;
			containerPortal = 115AB5E525EAB351004A97B9 /* Project object */;
			proxyType = 1;
			remoteGlobalIDString = 115AB5F025EAB352004A97B9;
			remoteInfo = "sleepTrackerHackathon (iOS)";
		};
		115AB60D25EAB352004A97B9 /* PBXContainerItemProxy */ = {
			isa = PBXContainerItemProxy;
			containerPortal = 115AB5E525EAB351004A97B9 /* Project object */;
			proxyType = 1;
			remoteGlobalIDString = 115AB5F825EAB352004A97B9;
			remoteInfo = "sleepTrackerHackathon (macOS)";
		};
/* End PBXContainerItemProxy section */

/* Begin PBXFileReference section */
		115AB5EA25EAB351004A97B9 /* sleepTrackerHackathonApp.swift */ = {isa = PBXFileReference; lastKnownFileType = sourcecode.swift; path = sleepTrackerHackathonApp.swift; sourceTree = "<group>"; };
		115AB5EB25EAB351004A97B9 /* ContentView.swift */ = {isa = PBXFileReference; lastKnownFileType = sourcecode.swift; path = ContentView.swift; sourceTree = "<group>"; };
		115AB5EC25EAB352004A97B9 /* Assets.xcassets */ = {isa = PBXFileReference; lastKnownFileType = folder.assetcatalog; path = Assets.xcassets; sourceTree = "<group>"; };
		115AB5F125EAB352004A97B9 /* sleepTrackerHackathon.app */ = {isa = PBXFileReference; explicitFileType = wrapper.application; includeInIndex = 0; path = sleepTrackerHackathon.app; sourceTree = BUILT_PRODUCTS_DIR; };
		115AB5F425EAB352004A97B9 /* Info.plist */ = {isa = PBXFileReference; lastKnownFileType = text.plist.xml; path = Info.plist; sourceTree = "<group>"; };
		115AB5F925EAB352004A97B9 /* sleepTrackerHackathon.app */ = {isa = PBXFileReference; explicitFileType = wrapper.application; includeInIndex = 0; path = sleepTrackerHackathon.app; sourceTree = BUILT_PRODUCTS_DIR; };
		115AB5FB25EAB352004A97B9 /* Info.plist */ = {isa = PBXFileReference; lastKnownFileType = text.plist.xml; path = Info.plist; sourceTree = "<group>"; };
		115AB5FC25EAB352004A97B9 /* macOS.entitlements */ = {isa = PBXFileReference; lastKnownFileType = text.plist.entitlements; path = macOS.entitlements; sourceTree = "<group>"; };
		115AB60125EAB352004A97B9 /* Tests iOS.xctest */ = {isa = PBXFileReference; explicitFileType = wrapper.cfbundle; includeInIndex = 0; path = "Tests iOS.xctest"; sourceTree = BUILT_PRODUCTS_DIR; };
		115AB60525EAB352004A97B9 /* Tests_iOS.swift */ = {isa = PBXFileReference; lastKnownFileType = sourcecode.swift; path = Tests_iOS.swift; sourceTree = "<group>"; };
		115AB60725EAB352004A97B9 /* Info.plist */ = {isa = PBXFileReference; lastKnownFileType = text.plist.xml; path = Info.plist; sourceTree = "<group>"; };
		115AB60C25EAB352004A97B9 /* Tests macOS.xctest */ = {isa = PBXFileReference; explicitFileType = wrapper.cfbundle; includeInIndex = 0; path = "Tests macOS.xctest"; sourceTree = BUILT_PRODUCTS_DIR; };
		115AB61025EAB352004A97B9 /* Tests_macOS.swift */ = {isa = PBXFileReference; lastKnownFileType = sourcecode.swift; path = Tests_macOS.swift; sourceTree = "<group>"; };
		115AB61225EAB352004A97B9 /* Info.plist */ = {isa = PBXFileReference; lastKnownFileType = text.plist.xml; path = Info.plist; sourceTree = "<group>"; };
		115AB64125EAC169004A97B9 /* LogSleepView.swift */ = {isa = PBXFileReference; lastKnownFileType = sourcecode.swift; path = LogSleepView.swift; sourceTree = "<group>"; };
/* End PBXFileReference section */

/* Begin PBXFrameworksBuildPhase section */
		115AB5EE25EAB352004A97B9 /* Frameworks */ = {
			isa = PBXFrameworksBuildPhase;
			buildActionMask = 2147483647;
			files = (
				115AB66E25EAC9EC004A97B9 /* SwiftUICharts in Frameworks */,
			);
			runOnlyForDeploymentPostprocessing = 0;
		};
		115AB5F625EAB352004A97B9 /* Frameworks */ = {
			isa = PBXFrameworksBuildPhase;
			buildActionMask = 2147483647;
			files = (
			);
			runOnlyForDeploymentPostprocessing = 0;
		};
		115AB5FE25EAB352004A97B9 /* Frameworks */ = {
			isa = PBXFrameworksBuildPhase;
			buildActionMask = 2147483647;
			files = (
			);
			runOnlyForDeploymentPostprocessing = 0;
		};
		115AB60925EAB352004A97B9 /* Frameworks */ = {
			isa = PBXFrameworksBuildPhase;
			buildActionMask = 2147483647;
			files = (
			);
			runOnlyForDeploymentPostprocessing = 0;
		};
/* End PBXFrameworksBuildPhase section */

/* Begin PBXGroup section */
		115AB5E425EAB351004A97B9 = {
			isa = PBXGroup;
			children = (
				115AB5E925EAB351004A97B9 /* Shared */,
				115AB5F325EAB352004A97B9 /* iOS */,
				115AB5FA25EAB352004A97B9 /* macOS */,
				115AB60425EAB352004A97B9 /* Tests iOS */,
				115AB60F25EAB352004A97B9 /* Tests macOS */,
				115AB5F225EAB352004A97B9 /* Products */,
			);
			sourceTree = "<group>";
		};
		115AB5E925EAB351004A97B9 /* Shared */ = {
			isa = PBXGroup;
			children = (
				115AB5EA25EAB351004A97B9 /* sleepTrackerHackathonApp.swift */,
				115AB5EB25EAB351004A97B9 /* ContentView.swift */,
				115AB64125EAC169004A97B9 /* LogSleepView.swift */,
				115AB5EC25EAB352004A97B9 /* Assets.xcassets */,
			);
			path = Shared;
			sourceTree = "<group>";
		};
		115AB5F225EAB352004A97B9 /* Products */ = {
			isa = PBXGroup;
			children = (
				115AB5F125EAB352004A97B9 /* sleepTrackerHackathon.app */,
				115AB5F925EAB352004A97B9 /* sleepTrackerHackathon.app */,
				115AB60125EAB352004A97B9 /* Tests iOS.xctest */,
				115AB60C25EAB352004A97B9 /* Tests macOS.xctest */,
			);
			name = Products;
			sourceTree = "<group>";
		};
		115AB5F325EAB352004A97B9 /* iOS */ = {
			isa = PBXGroup;
			children = (
				115AB5F425EAB352004A97B9 /* Info.plist */,
			);
			path = iOS;
			sourceTree = "<group>";
		};
		115AB5FA25EAB352004A97B9 /* macOS */ = {
			isa = PBXGroup;
			children = (
				115AB5FB25EAB352004A97B9 /* Info.plist */,
				115AB5FC25EAB352004A97B9 /* macOS.entitlements */,
			);
			path = macOS;
			sourceTree = "<group>";
		};
		115AB60425EAB352004A97B9 /* Tests iOS */ = {
			isa = PBXGroup;
			children = (
				115AB60525EAB352004A97B9 /* Tests_iOS.swift */,
				115AB60725EAB352004A97B9 /* Info.plist */,
			);
			path = "Tests iOS";
			sourceTree = "<group>";
		};
		115AB60F25EAB352004A97B9 /* Tests macOS */ = {
			isa = PBXGroup;
			children = (
				115AB61025EAB352004A97B9 /* Tests_macOS.swift */,
				115AB61225EAB352004A97B9 /* Info.plist */,
			);
			path = "Tests macOS";
			sourceTree = "<group>";
		};
/* End PBXGroup section */

/* Begin PBXNativeTarget section */
		115AB5F025EAB352004A97B9 /* sleepTrackerHackathon (iOS) */ = {
			isa = PBXNativeTarget;
			buildConfigurationList = 115AB61B25EAB352004A97B9 /* Build configuration list for PBXNativeTarget "sleepTrackerHackathon (iOS)" */;
			buildPhases = (
				115AB5ED25EAB352004A97B9 /* Sources */,
				115AB5EE25EAB352004A97B9 /* Frameworks */,
				115AB5EF25EAB352004A97B9 /* Resources */,
			);
			buildRules = (
			);
			dependencies = (
			);
			name = "sleepTrackerHackathon (iOS)";
			packageProductDependencies = (
				115AB66D25EAC9EC004A97B9 /* SwiftUICharts */,
			);
			productName = "sleepTrackerHackathon (iOS)";
			productReference = 115AB5F125EAB352004A97B9 /* sleepTrackerHackathon.app */;
			productType = "com.apple.product-type.application";
		};
		115AB5F825EAB352004A97B9 /* sleepTrackerHackathon (macOS) */ = {
			isa = PBXNativeTarget;
			buildConfigurationList = 115AB61E25EAB352004A97B9 /* Build configuration list for PBXNativeTarget "sleepTrackerHackathon (macOS)" */;
			buildPhases = (
				115AB5F525EAB352004A97B9 /* Sources */,
				115AB5F625EAB352004A97B9 /* Frameworks */,
				115AB5F725EAB352004A97B9 /* Resources */,
			);
			buildRules = (
			);
			dependencies = (
			);
			name = "sleepTrackerHackathon (macOS)";
			productName = "sleepTrackerHackathon (macOS)";
			productReference = 115AB5F925EAB352004A97B9 /* sleepTrackerHackathon.app */;
			productType = "com.apple.product-type.application";
		};
		115AB60025EAB352004A97B9 /* Tests iOS */ = {
			isa = PBXNativeTarget;
			buildConfigurationList = 115AB62125EAB352004A97B9 /* Build configuration list for PBXNativeTarget "Tests iOS" */;
			buildPhases = (
				115AB5FD25EAB352004A97B9 /* Sources */,
				115AB5FE25EAB352004A97B9 /* Frameworks */,
				115AB5FF25EAB352004A97B9 /* Resources */,
			);
			buildRules = (
			);
			dependencies = (
				115AB60325EAB352004A97B9 /* PBXTargetDependency */,
			);
			name = "Tests iOS";
			productName = "Tests iOS";
			productReference = 115AB60125EAB352004A97B9 /* Tests iOS.xctest */;
			productType = "com.apple.product-type.bundle.ui-testing";
		};
		115AB60B25EAB352004A97B9 /* Tests macOS */ = {
			isa = PBXNativeTarget;
			buildConfigurationList = 115AB62425EAB352004A97B9 /* Build configuration list for PBXNativeTarget "Tests macOS" */;
			buildPhases = (
				115AB60825EAB352004A97B9 /* Sources */,
				115AB60925EAB352004A97B9 /* Frameworks */,
				115AB60A25EAB352004A97B9 /* Resources */,
			);
			buildRules = (
			);
			dependencies = (
				115AB60E25EAB352004A97B9 /* PBXTargetDependency */,
			);
			name = "Tests macOS";
			productName = "Tests macOS";
			productReference = 115AB60C25EAB352004A97B9 /* Tests macOS.xctest */;
			productType = "com.apple.product-type.bundle.ui-testing";
		};
/* End PBXNativeTarget section */

/* Begin PBXProject section */
		115AB5E525EAB351004A97B9 /* Project object */ = {
			isa = PBXProject;
			attributes = {
				LastSwiftUpdateCheck = 1240;
				LastUpgradeCheck = 1240;
				TargetAttributes = {
					115AB5F025EAB352004A97B9 = {
						CreatedOnToolsVersion = 12.4;
					};
					115AB5F825EAB352004A97B9 = {
						CreatedOnToolsVersion = 12.4;
					};
					115AB60025EAB352004A97B9 = {
						CreatedOnToolsVersion = 12.4;
						TestTargetID = 115AB5F025EAB352004A97B9;
					};
					115AB60B25EAB352004A97B9 = {
						CreatedOnToolsVersion = 12.4;
						TestTargetID = 115AB5F825EAB352004A97B9;
					};
				};
			};
			buildConfigurationList = 115AB5E825EAB351004A97B9 /* Build configuration list for PBXProject "sleepTrackerHackathon" */;
			compatibilityVersion = "Xcode 9.3";
			developmentRegion = en;
			hasScannedForEncodings = 0;
			knownRegions = (
				en,
				Base,
			);
			mainGroup = 115AB5E425EAB351004A97B9;
			packageReferences = (
				115AB66C25EAC9EC004A97B9 /* XCRemoteSwiftPackageReference "ChartView" */,
			);
			productRefGroup = 115AB5F225EAB352004A97B9 /* Products */;
			projectDirPath = "";
			projectRoot = "";
			targets = (
				115AB5F025EAB352004A97B9 /* sleepTrackerHackathon (iOS) */,
				115AB5F825EAB352004A97B9 /* sleepTrackerHackathon (macOS) */,
				115AB60025EAB352004A97B9 /* Tests iOS */,
				115AB60B25EAB352004A97B9 /* Tests macOS */,
			);
		};
/* End PBXProject section */

/* Begin PBXResourcesBuildPhase section */
		115AB5EF25EAB352004A97B9 /* Resources */ = {
			isa = PBXResourcesBuildPhase;
			buildActionMask = 2147483647;
			files = (
				115AB61725EAB352004A97B9 /* Assets.xcassets in Resources */,
			);
			runOnlyForDeploymentPostprocessing = 0;
		};
		115AB5F725EAB352004A97B9 /* Resources */ = {
			isa = PBXResourcesBuildPhase;
			buildActionMask = 2147483647;
			files = (
				115AB61825EAB352004A97B9 /* Assets.xcassets in Resources */,
			);
			runOnlyForDeploymentPostprocessing = 0;
		};
		115AB5FF25EAB352004A97B9 /* Resources */ = {
			isa = PBXResourcesBuildPhase;
			buildActionMask = 2147483647;
			files = (
			);
			runOnlyForDeploymentPostprocessing = 0;
		};
		115AB60A25EAB352004A97B9 /* Resources */ = {
			isa = PBXResourcesBuildPhase;
			buildActionMask = 2147483647;
			files = (
			);
			runOnlyForDeploymentPostprocessing = 0;
		};
/* End PBXResourcesBuildPhase section */

/* Begin PBXSourcesBuildPhase section */
		115AB5ED25EAB352004A97B9 /* Sources */ = {
			isa = PBXSourcesBuildPhase;
			buildActionMask = 2147483647;
			files = (
				115AB64225EAC169004A97B9 /* LogSleepView.swift in Sources */,
				115AB61525EAB352004A97B9 /* ContentView.swift in Sources */,
				115AB61325EAB352004A97B9 /* sleepTrackerHackathonApp.swift in Sources */,
			);
			runOnlyForDeploymentPostprocessing = 0;
		};
		115AB5F525EAB352004A97B9 /* Sources */ = {
			isa = PBXSourcesBuildPhase;
			buildActionMask = 2147483647;
			files = (
				115AB64325EAC169004A97B9 /* LogSleepView.swift in Sources */,
				115AB61625EAB352004A97B9 /* ContentView.swift in Sources */,
				115AB61425EAB352004A97B9 /* sleepTrackerHackathonApp.swift in Sources */,
			);
			runOnlyForDeploymentPostprocessing = 0;
		};
		115AB5FD25EAB352004A97B9 /* Sources */ = {
			isa = PBXSourcesBuildPhase;
			buildActionMask = 2147483647;
			files = (
				115AB60625EAB352004A97B9 /* Tests_iOS.swift in Sources */,
			);
			runOnlyForDeploymentPostprocessing = 0;
		};
		115AB60825EAB352004A97B9 /* Sources */ = {
			isa = PBXSourcesBuildPhase;
			buildActionMask = 2147483647;
			files = (
				115AB61125EAB352004A97B9 /* Tests_macOS.swift in Sources */,
			);
			runOnlyForDeploymentPostprocessing = 0;
		};
/* End PBXSourcesBuildPhase section */

/* Begin PBXTargetDependency section */
		115AB60325EAB352004A97B9 /* PBXTargetDependency */ = {
			isa = PBXTargetDependency;
			target = 115AB5F025EAB352004A97B9 /* sleepTrackerHackathon (iOS) */;
			targetProxy = 115AB60225EAB352004A97B9 /* PBXContainerItemProxy */;
		};
		115AB60E25EAB352004A97B9 /* PBXTargetDependency */ = {
			isa = PBXTargetDependency;
			target = 115AB5F825EAB352004A97B9 /* sleepTrackerHackathon (macOS) */;
			targetProxy = 115AB60D25EAB352004A97B9 /* PBXContainerItemProxy */;
		};
/* End PBXTargetDependency section */

/* Begin XCBuildConfiguration section */
		115AB61925EAB352004A97B9 /* Debug */ = {
			isa = XCBuildConfiguration;
			buildSettings = {
				ALWAYS_SEARCH_USER_PATHS = NO;
				CLANG_ANALYZER_NONNULL = YES;
				CLANG_ANALYZER_NUMBER_OBJECT_CONVERSION = YES_AGGRESSIVE;
				CLANG_CXX_LANGUAGE_STANDARD = "gnu++14";
				CLANG_CXX_LIBRARY = "libc++";
				CLANG_ENABLE_MODULES = YES;
				CLANG_ENABLE_OBJC_ARC = YES;
				CLANG_ENABLE_OBJC_WEAK = YES;
				CLANG_WARN_BLOCK_CAPTURE_AUTORELEASING = YES;
				CLANG_WARN_BOOL_CONVERSION = YES;
				CLANG_WARN_COMMA = YES;
				CLANG_WARN_CONSTANT_CONVERSION = YES;
				CLANG_WARN_DEPRECATED_OBJC_IMPLEMENTATIONS = YES;
				CLANG_WARN_DIRECT_OBJC_ISA_USAGE = YES_ERROR;
				CLANG_WARN_DOCUMENTATION_COMMENTS = YES;
				CLANG_WARN_EMPTY_BODY = YES;
				CLANG_WARN_ENUM_CONVERSION = YES;
				CLANG_WARN_INFINITE_RECURSION = YES;
				CLANG_WARN_INT_CONVERSION = YES;
				CLANG_WARN_NON_LITERAL_NULL_CONVERSION = YES;
				CLANG_WARN_OBJC_IMPLICIT_RETAIN_SELF = YES;
				CLANG_WARN_OBJC_LITERAL_CONVERSION = YES;
				CLANG_WARN_OBJC_ROOT_CLASS = YES_ERROR;
				CLANG_WARN_QUOTED_INCLUDE_IN_FRAMEWORK_HEADER = YES;
				CLANG_WARN_RANGE_LOOP_ANALYSIS = YES;
				CLANG_WARN_STRICT_PROTOTYPES = YES;
				CLANG_WARN_SUSPICIOUS_MOVE = YES;
				CLANG_WARN_UNGUARDED_AVAILABILITY = YES_AGGRESSIVE;
				CLANG_WARN_UNREACHABLE_CODE = YES;
				CLANG_WARN__DUPLICATE_METHOD_MATCH = YES;
				COPY_PHASE_STRIP = NO;
				DEBUG_INFORMATION_FORMAT = dwarf;
				ENABLE_STRICT_OBJC_MSGSEND = YES;
				ENABLE_TESTABILITY = YES;
				GCC_C_LANGUAGE_STANDARD = gnu11;
				GCC_DYNAMIC_NO_PIC = NO;
				GCC_NO_COMMON_BLOCKS = YES;
				GCC_OPTIMIZATION_LEVEL = 0;
				GCC_PREPROCESSOR_DEFINITIONS = (
					"DEBUG=1",
					"$(inherited)",
				);
				GCC_WARN_64_TO_32_BIT_CONVERSION = YES;
				GCC_WARN_ABOUT_RETURN_TYPE = YES_ERROR;
				GCC_WARN_UNDECLARED_SELECTOR = YES;
				GCC_WARN_UNINITIALIZED_AUTOS = YES_AGGRESSIVE;
				GCC_WARN_UNUSED_FUNCTION = YES;
				GCC_WARN_UNUSED_VARIABLE = YES;
				MTL_ENABLE_DEBUG_INFO = INCLUDE_SOURCE;
				MTL_FAST_MATH = YES;
				ONLY_ACTIVE_ARCH = YES;
				SWIFT_ACTIVE_COMPILATION_CONDITIONS = DEBUG;
				SWIFT_OPTIMIZATION_LEVEL = "-Onone";
			};
			name = Debug;
		};
		115AB61A25EAB352004A97B9 /* Release */ = {
			isa = XCBuildConfiguration;
			buildSettings = {
				ALWAYS_SEARCH_USER_PATHS = NO;
				CLANG_ANALYZER_NONNULL = YES;
				CLANG_ANALYZER_NUMBER_OBJECT_CONVERSION = YES_AGGRESSIVE;
				CLANG_CXX_LANGUAGE_STANDARD = "gnu++14";
				CLANG_CXX_LIBRARY = "libc++";
				CLANG_ENABLE_MODULES = YES;
				CLANG_ENABLE_OBJC_ARC = YES;
				CLANG_ENABLE_OBJC_WEAK = YES;
				CLANG_WARN_BLOCK_CAPTURE_AUTORELEASING = YES;
				CLANG_WARN_BOOL_CONVERSION = YES;
				CLANG_WARN_COMMA = YES;
				CLANG_WARN_CONSTANT_CONVERSION = YES;
				CLANG_WARN_DEPRECATED_OBJC_IMPLEMENTATIONS = YES;
				CLANG_WARN_DIRECT_OBJC_ISA_USAGE = YES_ERROR;
				CLANG_WARN_DOCUMENTATION_COMMENTS = YES;
				CLANG_WARN_EMPTY_BODY = YES;
				CLANG_WARN_ENUM_CONVERSION = YES;
				CLANG_WARN_INFINITE_RECURSION = YES;
				CLANG_WARN_INT_CONVERSION = YES;
				CLANG_WARN_NON_LITERAL_NULL_CONVERSION = YES;
				CLANG_WARN_OBJC_IMPLICIT_RETAIN_SELF = YES;
				CLANG_WARN_OBJC_LITERAL_CONVERSION = YES;
				CLANG_WARN_OBJC_ROOT_CLASS = YES_ERROR;
				CLANG_WARN_QUOTED_INCLUDE_IN_FRAMEWORK_HEADER = YES;
				CLANG_WARN_RANGE_LOOP_ANALYSIS = YES;
				CLANG_WARN_STRICT_PROTOTYPES = YES;
				CLANG_WARN_SUSPICIOUS_MOVE = YES;
				CLANG_WARN_UNGUARDED_AVAILABILITY = YES_AGGRESSIVE;
				CLANG_WARN_UNREACHABLE_CODE = YES;
				CLANG_WARN__DUPLICATE_METHOD_MATCH = YES;
				COPY_PHASE_STRIP = NO;
				DEBUG_INFORMATION_FORMAT = "dwarf-with-dsym";
				ENABLE_NS_ASSERTIONS = NO;
				ENABLE_STRICT_OBJC_MSGSEND = YES;
				GCC_C_LANGUAGE_STANDARD = gnu11;
				GCC_NO_COMMON_BLOCKS = YES;
				GCC_WARN_64_TO_32_BIT_CONVERSION = YES;
				GCC_WARN_ABOUT_RETURN_TYPE = YES_ERROR;
				GCC_WARN_UNDECLARED_SELECTOR = YES;
				GCC_WARN_UNINITIALIZED_AUTOS = YES_AGGRESSIVE;
				GCC_WARN_UNUSED_FUNCTION = YES;
				GCC_WARN_UNUSED_VARIABLE = YES;
				MTL_ENABLE_DEBUG_INFO = NO;
				MTL_FAST_MATH = YES;
				SWIFT_COMPILATION_MODE = wholemodule;
				SWIFT_OPTIMIZATION_LEVEL = "-O";
			};
			name = Release;
		};
		115AB61C25EAB352004A97B9 /* Debug */ = {
			isa = XCBuildConfiguration;
			buildSettings = {
				ASSETCATALOG_COMPILER_APPICON_NAME = AppIcon;
				ASSETCATALOG_COMPILER_GLOBAL_ACCENT_COLOR_NAME = AccentColor;
				CODE_SIGN_STYLE = Automatic;
				ENABLE_PREVIEWS = YES;
				INFOPLIST_FILE = iOS/Info.plist;
				IPHONEOS_DEPLOYMENT_TARGET = 14.0;
				LD_RUNPATH_SEARCH_PATHS = (
					"$(inherited)",
					"@executable_path/Frameworks",
				);
				PRODUCT_BUNDLE_IDENTIFIER = com.RosalieWessels.sleepTrackerHackathon;
				PRODUCT_NAME = sleepTrackerHackathon;
				SDKROOT = iphoneos;
				SWIFT_VERSION = 5.0;
				TARGETED_DEVICE_FAMILY = "1,2";
			};
			name = Debug;
		};
		115AB61D25EAB352004A97B9 /* Release */ = {
			isa = XCBuildConfiguration;
			buildSettings = {
				ASSETCATALOG_COMPILER_APPICON_NAME = AppIcon;
				ASSETCATALOG_COMPILER_GLOBAL_ACCENT_COLOR_NAME = AccentColor;
				CODE_SIGN_STYLE = Automatic;
				ENABLE_PREVIEWS = YES;
				INFOPLIST_FILE = iOS/Info.plist;
				IPHONEOS_DEPLOYMENT_TARGET = 14.0;
				LD_RUNPATH_SEARCH_PATHS = (
					"$(inherited)",
					"@executable_path/Frameworks",
				);
				PRODUCT_BUNDLE_IDENTIFIER = com.RosalieWessels.sleepTrackerHackathon;
				PRODUCT_NAME = sleepTrackerHackathon;
				SDKROOT = iphoneos;
				SWIFT_VERSION = 5.0;
				TARGETED_DEVICE_FAMILY = "1,2";
				VALIDATE_PRODUCT = YES;
			};
			name = Release;
		};
		115AB61F25EAB352004A97B9 /* Debug */ = {
			isa = XCBuildConfiguration;
			buildSettings = {
				ASSETCATALOG_COMPILER_APPICON_NAME = AppIcon;
				ASSETCATALOG_COMPILER_GLOBAL_ACCENT_COLOR_NAME = AccentColor;
				CODE_SIGN_ENTITLEMENTS = macOS/macOS.entitlements;
				CODE_SIGN_STYLE = Automatic;
				COMBINE_HIDPI_IMAGES = YES;
				ENABLE_PREVIEWS = YES;
				INFOPLIST_FILE = macOS/Info.plist;
				LD_RUNPATH_SEARCH_PATHS = (
					"$(inherited)",
					"@executable_path/../Frameworks",
				);
				MACOSX_DEPLOYMENT_TARGET = 11.0;
				PRODUCT_BUNDLE_IDENTIFIER = com.RosalieWessels.sleepTrackerHackathon;
				PRODUCT_NAME = sleepTrackerHackathon;
				SDKROOT = macosx;
				SWIFT_VERSION = 5.0;
			};
			name = Debug;
		};
		115AB62025EAB352004A97B9 /* Release */ = {
			isa = XCBuildConfiguration;
			buildSettings = {
				ASSETCATALOG_COMPILER_APPICON_NAME = AppIcon;
				ASSETCATALOG_COMPILER_GLOBAL_ACCENT_COLOR_NAME = AccentColor;
				CODE_SIGN_ENTITLEMENTS = macOS/macOS.entitlements;
				CODE_SIGN_STYLE = Automatic;
				COMBINE_HIDPI_IMAGES = YES;
				ENABLE_PREVIEWS = YES;
				INFOPLIST_FILE = macOS/Info.plist;
				LD_RUNPATH_SEARCH_PATHS = (
					"$(inherited)",
					"@executable_path/../Frameworks",
				);
				MACOSX_DEPLOYMENT_TARGET = 11.0;
				PRODUCT_BUNDLE_IDENTIFIER = com.RosalieWessels.sleepTrackerHackathon;
				PRODUCT_NAME = sleepTrackerHackathon;
				SDKROOT = macosx;
				SWIFT_VERSION = 5.0;
			};
			name = Release;
		};
		115AB62225EAB352004A97B9 /* Debug */ = {
			isa = XCBuildConfiguration;
			buildSettings = {
				ALWAYS_EMBED_SWIFT_STANDARD_LIBRARIES = YES;
				CODE_SIGN_STYLE = Automatic;
				INFOPLIST_FILE = "Tests iOS/Info.plist";
				IPHONEOS_DEPLOYMENT_TARGET = 14.4;
				LD_RUNPATH_SEARCH_PATHS = (
					"$(inherited)",
					"@executable_path/Frameworks",
					"@loader_path/Frameworks",
				);
				PRODUCT_BUNDLE_IDENTIFIER = "com.RosalieWessels.Tests-iOS";
				PRODUCT_NAME = "$(TARGET_NAME)";
				SDKROOT = iphoneos;
				SWIFT_VERSION = 5.0;
				TARGETED_DEVICE_FAMILY = "1,2";
				TEST_TARGET_NAME = "sleepTrackerHackathon (iOS)";
			};
			name = Debug;
		};
		115AB62325EAB352004A97B9 /* Release */ = {
			isa = XCBuildConfiguration;
			buildSettings = {
				ALWAYS_EMBED_SWIFT_STANDARD_LIBRARIES = YES;
				CODE_SIGN_STYLE = Automatic;
				INFOPLIST_FILE = "Tests iOS/Info.plist";
				IPHONEOS_DEPLOYMENT_TARGET = 14.4;
				LD_RUNPATH_SEARCH_PATHS = (
					"$(inherited)",
					"@executable_path/Frameworks",
					"@loader_path/Frameworks",
				);
				PRODUCT_BUNDLE_IDENTIFIER = "com.RosalieWessels.Tests-iOS";
				PRODUCT_NAME = "$(TARGET_NAME)";
				SDKROOT = iphoneos;
				SWIFT_VERSION = 5.0;
				TARGETED_DEVICE_FAMILY = "1,2";
				TEST_TARGET_NAME = "sleepTrackerHackathon (iOS)";
				VALIDATE_PRODUCT = YES;
			};
			name = Release;
		};
		115AB62525EAB352004A97B9 /* Debug */ = {
			isa = XCBuildConfiguration;
			buildSettings = {
				ALWAYS_EMBED_SWIFT_STANDARD_LIBRARIES = YES;
				CODE_SIGN_STYLE = Automatic;
				COMBINE_HIDPI_IMAGES = YES;
				INFOPLIST_FILE = "Tests macOS/Info.plist";
				LD_RUNPATH_SEARCH_PATHS = (
					"$(inherited)",
					"@executable_path/../Frameworks",
					"@loader_path/../Frameworks",
				);
				MACOSX_DEPLOYMENT_TARGET = 11.0;
				PRODUCT_BUNDLE_IDENTIFIER = "com.RosalieWessels.Tests-macOS";
				PRODUCT_NAME = "$(TARGET_NAME)";
				SDKROOT = macosx;
				SWIFT_VERSION = 5.0;
				TEST_TARGET_NAME = "sleepTrackerHackathon (macOS)";
			};
			name = Debug;
		};
		115AB62625EAB352004A97B9 /* Release */ = {
			isa = XCBuildConfiguration;
			buildSettings = {
				ALWAYS_EMBED_SWIFT_STANDARD_LIBRARIES = YES;
				CODE_SIGN_STYLE = Automatic;
				COMBINE_HIDPI_IMAGES = YES;
				INFOPLIST_FILE = "Tests macOS/Info.plist";
				LD_RUNPATH_SEARCH_PATHS = (
					"$(inherited)",
					"@executable_path/../Frameworks",
					"@loader_path/../Frameworks",
				);
				MACOSX_DEPLOYMENT_TARGET = 11.0;
				PRODUCT_BUNDLE_IDENTIFIER = "com.RosalieWessels.Tests-macOS";
				PRODUCT_NAME = "$(TARGET_NAME)";
				SDKROOT = macosx;
				SWIFT_VERSION = 5.0;
				TEST_TARGET_NAME = "sleepTrackerHackathon (macOS)";
			};
			name = Release;
		};
/* End XCBuildConfiguration section */

/* Begin XCConfigurationList section */
		115AB5E825EAB351004A97B9 /* Build configuration list for PBXProject "sleepTrackerHackathon" */ = {
			isa = XCConfigurationList;
			buildConfigurations = (
				115AB61925EAB352004A97B9 /* Debug */,
				115AB61A25EAB352004A97B9 /* Release */,
			);
			defaultConfigurationIsVisible = 0;
			defaultConfigurationName = Release;
		};
		115AB61B25EAB352004A97B9 /* Build configuration list for PBXNativeTarget "sleepTrackerHackathon (iOS)" */ = {
			isa = XCConfigurationList;
			buildConfigurations = (
				115AB61C25EAB352004A97B9 /* Debug */,
				115AB61D25EAB352004A97B9 /* Release */,
			);
			defaultConfigurationIsVisible = 0;
			defaultConfigurationName = Release;
		};
		115AB61E25EAB352004A97B9 /* Build configuration list for PBXNativeTarget "sleepTrackerHackathon (macOS)" */ = {
			isa = XCConfigurationList;
			buildConfigurations = (
				115AB61F25EAB352004A97B9 /* Debug */,
				115AB62025EAB352004A97B9 /* Release */,
			);
			defaultConfigurationIsVisible = 0;
			defaultConfigurationName = Release;
		};
		115AB62125EAB352004A97B9 /* Build configuration list for PBXNativeTarget "Tests iOS" */ = {
			isa = XCConfigurationList;
			buildConfigurations = (
				115AB62225EAB352004A97B9 /* Debug */,
				115AB62325EAB352004A97B9 /* Release */,
			);
			defaultConfigurationIsVisible = 0;
			defaultConfigurationName = Release;
		};
		115AB62425EAB352004A97B9 /* Build configuration list for PBXNativeTarget "Tests macOS" */ = {
			isa = XCConfigurationList;
			buildConfigurations = (
				115AB62525EAB352004A97B9 /* Debug */,
				115AB62625EAB352004A97B9 /* Release */,
			);
			defaultConfigurationIsVisible = 0;
			defaultConfigurationName = Release;
		};
/* End XCConfigurationList section */

/* Begin XCRemoteSwiftPackageReference section */
		115AB66C25EAC9EC004A97B9 /* XCRemoteSwiftPackageReference "ChartView" */ = {
			isa = XCRemoteSwiftPackageReference;
			repositoryURL = "https://github.com/AppPear/ChartView";
			requirement = {
				kind = upToNextMajorVersion;
				minimumVersion = 1.5.4;
			};
		};
/* End XCRemoteSwiftPackageReference section */

/* Begin XCSwiftPackageProductDependency section */
		115AB66D25EAC9EC004A97B9 /* SwiftUICharts */ = {
			isa = XCSwiftPackageProductDependency;
			package = 115AB66C25EAC9EC004A97B9 /* XCRemoteSwiftPackageReference "ChartView" */;
			productName = SwiftUICharts;
		};
/* End XCSwiftPackageProductDependency section */
	};
	rootObject = 115AB5E525EAB351004A97B9 /* Project object */;
}
